
Microsoft Visual Studio Solution File, Format Version 12.00
# Visual Studio Version 17
VisualStudioVersion = 17.1.32414.318
MinimumVisualStudioVersion = 10.0.40219.1
Project("{FAE04EC0-301F-11D3-BF4B-00C04F79EFBC}") = "Main", "Main\Main.csproj", "{043ADCF1-897A-4740-BB90-3E6AA4ED86C9}"
EndProject
Project("{FAE04EC0-301F-11D3-BF4B-00C04F79EFBC}") = "UnitTests", "UnitTests\UnitTests.csproj", "{5F6A9881-9BF5-433F-80FC-8A7575B567B8}"
EndProject
Project("{FAE04EC0-301F-11D3-BF4B-00C04F79EFBC}") = "Client.Extension", "Client.Extension\Client.Extension.csproj", "{3234B153-5ACD-4D95-90AA-E1ECD5F80E91}"
EndProject
Project("{FAE04EC0-301F-11D3-BF4B-00C04F79EFBC}") = "Common", "Common\Common.csproj", "{802AB3C8-59FD-49F2-AF48-5F1B6647C4D6}"
EndProject
Project("{FAE04EC0-301F-11D3-BF4B-00C04F79EFBC}") = "ProcessorsBase", "ProcessorsBase\ProcessorsBase.csproj", "{A8F4DCA1-1D67-4237-A1F6-CB38B8723E92}"
EndProject
Project("{FAE04EC0-301F-11D3-BF4B-00C04F79EFBC}") = "Processors.DbSaver", "Processors.DbSaver\Processors.DbSaver.csproj", "{AC9AD5CA-C4F7-45EF-B742-39D4EE4E5394}"
EndProject
Project("{FAE04EC0-301F-11D3-BF4B-00C04F79EFBC}") = "Processors.Admin", "Processors.Admin\Processors.Admin.csproj", "{B274087B-A378-4F20-88B6-2C0E47267886}"
EndProject
Project("{2150E333-8FDC-42A3-9474-1A3956D46DE8}") = "Server", "Server", "{C93BBD87-D32A-4CD9-B3C6-85DC8DD774D8}"
EndProject
Project("{FAE04EC0-301F-11D3-BF4B-00C04F79EFBC}") = "Processors.Logic", "Processors.Logic\Processors.Logic.csproj", "{26136F37-5FEB-48CC-939F-199B67DACB02}"
EndProject
Global
	GlobalSection(SolutionConfigurationPlatforms) = preSolution
		Debug|Any CPU = Debug|Any CPU
		Release|Any CPU = Release|Any CPU
	EndGlobalSection
	GlobalSection(ProjectConfigurationPlatforms) = postSolution
		{043ADCF1-897A-4740-BB90-3E6AA4ED86C9}.Debug|Any CPU.ActiveCfg = Debug|Any CPU
		{043ADCF1-897A-4740-BB90-3E6AA4ED86C9}.Debug|Any CPU.Build.0 = Debug|Any CPU
		{043ADCF1-897A-4740-BB90-3E6AA4ED86C9}.Release|Any CPU.ActiveCfg = Release|Any CPU
		{043ADCF1-897A-4740-BB90-3E6AA4ED86C9}.Release|Any CPU.Build.0 = Release|Any CPU
		{5F6A9881-9BF5-433F-80FC-8A7575B567B8}.Debug|Any CPU.ActiveCfg = Debug|Any CPU
		{5F6A9881-9BF5-433F-80FC-8A7575B567B8}.Debug|Any CPU.Build.0 = Debug|Any CPU
		{5F6A9881-9BF5-433F-80FC-8A7575B567B8}.Release|Any CPU.ActiveCfg = Release|Any CPU
		{5F6A9881-9BF5-433F-80FC-8A7575B567B8}.Release|Any CPU.Build.0 = Release|Any CPU
		{3234B153-5ACD-4D95-90AA-E1ECD5F80E91}.Debug|Any CPU.ActiveCfg = Debug|Any CPU
		{3234B153-5ACD-4D95-90AA-E1ECD5F80E91}.Debug|Any CPU.Build.0 = Debug|Any CPU
		{3234B153-5ACD-4D95-90AA-E1ECD5F80E91}.Release|Any CPU.ActiveCfg = Release|Any CPU
		{3234B153-5ACD-4D95-90AA-E1ECD5F80E91}.Release|Any CPU.Build.0 = Release|Any CPU
		{802AB3C8-59FD-49F2-AF48-5F1B6647C4D6}.Debug|Any CPU.ActiveCfg = Debug|Any CPU
		{802AB3C8-59FD-49F2-AF48-5F1B6647C4D6}.Debug|Any CPU.Build.0 = Debug|Any CPU
		{802AB3C8-59FD-49F2-AF48-5F1B6647C4D6}.Release|Any CPU.ActiveCfg = Release|Any CPU
		{802AB3C8-59FD-49F2-AF48-5F1B6647C4D6}.Release|Any CPU.Build.0 = Release|Any CPU
		{A8F4DCA1-1D67-4237-A1F6-CB38B8723E92}.Debug|Any CPU.ActiveCfg = Debug|Any CPU
		{A8F4DCA1-1D67-4237-A1F6-CB38B8723E92}.Debug|Any CPU.Build.0 = Debug|Any CPU
		{A8F4DCA1-1D67-4237-A1F6-CB38B8723E92}.Release|Any CPU.ActiveCfg = Release|Any CPU
		{A8F4DCA1-1D67-4237-A1F6-CB38B8723E92}.Release|Any CPU.Build.0 = Release|Any CPU
		{AC9AD5CA-C4F7-45EF-B742-39D4EE4E5394}.Debug|Any CPU.ActiveCfg = Debug|Any CPU
		{AC9AD5CA-C4F7-45EF-B742-39D4EE4E5394}.Debug|Any CPU.Build.0 = Debug|Any CPU
		{AC9AD5CA-C4F7-45EF-B742-39D4EE4E5394}.Release|Any CPU.ActiveCfg = Release|Any CPU
		{AC9AD5CA-C4F7-45EF-B742-39D4EE4E5394}.Release|Any CPU.Build.0 = Release|Any CPU
		{2D5507BC-E5CD-42C7-AD8E-6B6D2B94E218}.Debug|Any CPU.ActiveCfg = Debug|Any CPU
		{2D5507BC-E5CD-42C7-AD8E-6B6D2B94E218}.Debug|Any CPU.Build.0 = Debug|Any CPU
		{2D5507BC-E5CD-42C7-AD8E-6B6D2B94E218}.Release|Any CPU.ActiveCfg = Release|Any CPU
		{2D5507BC-E5CD-42C7-AD8E-6B6D2B94E218}.Release|Any CPU.Build.0 = Release|Any CPU
		{B274087B-A378-4F20-88B6-2C0E47267886}.Debug|Any CPU.ActiveCfg = Debug|Any CPU
		{B274087B-A378-4F20-88B6-2C0E47267886}.Debug|Any CPU.Build.0 = Debug|Any CPU
		{B274087B-A378-4F20-88B6-2C0E47267886}.Release|Any CPU.ActiveCfg = Release|Any CPU
		{B274087B-A378-4F20-88B6-2C0E47267886}.Release|Any CPU.Build.0 = Release|Any CPU
		{26136F37-5FEB-48CC-939F-199B67DACB02}.Debug|Any CPU.ActiveCfg = Debug|Any CPU
		{26136F37-5FEB-48CC-939F-199B67DACB02}.Debug|Any CPU.Build.0 = Debug|Any CPU
		{26136F37-5FEB-48CC-939F-199B67DACB02}.Release|Any CPU.ActiveCfg = Release|Any CPU
		{26136F37-5FEB-48CC-939F-199B67DACB02}.Release|Any CPU.Build.0 = Release|Any CPU
	EndGlobalSection
	GlobalSection(SolutionProperties) = preSolution
		HideSolutionNode = FALSE
	EndGlobalSection
	GlobalSection(NestedProjects) = preSolution
		{3234B153-5ACD-4D95-90AA-E1ECD5F80E91} = {C93BBD87-D32A-4CD9-B3C6-85DC8DD774D8}
		{802AB3C8-59FD-49F2-AF48-5F1B6647C4D6} = {C93BBD87-D32A-4CD9-B3C6-85DC8DD774D8}
		{043ADCF1-897A-4740-BB90-3E6AA4ED86C9} = {C93BBD87-D32A-4CD9-B3C6-85DC8DD774D8}
		{B274087B-A378-4F20-88B6-2C0E47267886} = {C93BBD87-D32A-4CD9-B3C6-85DC8DD774D8}
		{AC9AD5CA-C4F7-45EF-B742-39D4EE4E5394} = {C93BBD87-D32A-4CD9-B3C6-85DC8DD774D8}
		{A8F4DCA1-1D67-4237-A1F6-CB38B8723E92} = {C93BBD87-D32A-4CD9-B3C6-85DC8DD774D8}
		{5F6A9881-9BF5-433F-80FC-8A7575B567B8} = {C93BBD87-D32A-4CD9-B3C6-85DC8DD774D8}
		{26136F37-5FEB-48CC-939F-199B67DACB02} = {C93BBD87-D32A-4CD9-B3C6-85DC8DD774D8}
	EndGlobalSection
	GlobalSection(ExtensibilityGlobals) = postSolution
		SolutionGuid = {AA4DC060-EA2E-4F80-9BFA-E895711C372A}
	EndGlobalSection
EndGlobal
